// !$*UTF8*$!
{
	archiveVersion = 1;
	classes = {
	};
	objectVersion = 50;
	objects = {

/* Begin PBXBuildFile section */
		6B3A46A32435D4B100261EBC /* Credits.rtf in Resources */ = {isa = PBXBuildFile; fileRef = 6B3A468A2435D4B000261EBC /* Credits.rtf */; };
		6B3A46A42435D4B100261EBC /* UnreadCountObserver.m in Sources */ = {isa = PBXBuildFile; fileRef = 6B3A468B2435D4B000261EBC /* UnreadCountObserver.m */; };
		6B3A46A52435D4B100261EBC /* main.m in Sources */ = {isa = PBXBuildFile; fileRef = 6B3A468C2435D4B000261EBC /* main.m */; };
		6B3A46A72435D4B100261EBC /* VersionChecker.m in Sources */ = {isa = PBXBuildFile; fileRef = 6B3A468F2435D4B000261EBC /* VersionChecker.m */; };
		6B3A46A92435D4B100261EBC /* WebViewController.m in Sources */ = {isa = PBXBuildFile; fileRef = 6B3A46932435D4B000261EBC /* WebViewController.m */; };
		6B3A46AA2435D4B100261EBC /* MainWindowController.m in Sources */ = {isa = PBXBuildFile; fileRef = 6B3A46972435D4B000261EBC /* MainWindowController.m */; };
		6B3A46AB2435D4B100261EBC /* SettingsViewController.m in Sources */ = {isa = PBXBuildFile; fileRef = 6B3A46982435D4B000261EBC /* SettingsViewController.m */; };
		6B3A46AC2435D4B100261EBC /* ComposeWindowController.m in Sources */ = {isa = PBXBuildFile; fileRef = 6B3A46992435D4B000261EBC /* ComposeWindowController.m */; };
		6B3A46AD2435D4B100261EBC /* FastmateScriptCommand.m in Sources */ = {isa = PBXBuildFile; fileRef = 6B3A469A2435D4B000261EBC /* FastmateScriptCommand.m */; };
		6B3A46AE2435D4B100261EBC /* Fastmate.js in Resources */ = {isa = PBXBuildFile; fileRef = 6B3A469B2435D4B000261EBC /* Fastmate.js */; };
		6B3A46AF2435D4B100261EBC /* PrintManager.m in Sources */ = {isa = PBXBuildFile; fileRef = 6B3A469C2435D4B000261EBC /* PrintManager.m */; };
		6B3A46B02435D4B100261EBC /* Fastmate.sdef in Resources */ = {isa = PBXBuildFile; fileRef = 6B3A469E2435D4B100261EBC /* Fastmate.sdef */; };
		6B3A46B12435D4B100261EBC /* Assets.xcassets in Resources */ = {isa = PBXBuildFile; fileRef = 6B3A46A02435D4B100261EBC /* Assets.xcassets */; };
		6B3A46B22435D4B100261EBC /* AppDelegate.m in Sources */ = {isa = PBXBuildFile; fileRef = 6B3A46A22435D4B100261EBC /* AppDelegate.m */; };
		6B3A46B52435D60F00261EBC /* Main.storyboard in Resources */ = {isa = PBXBuildFile; fileRef = 6B3A46B42435D60F00261EBC /* Main.storyboard */; };
		6B522DD72435E92D00BCC9BE /* ComposeViewController.m in Sources */ = {isa = PBXBuildFile; fileRef = 6B235EC02435E7EB0008A00B /* ComposeViewController.m */; };
/* End PBXBuildFile section */

/* Begin PBXFileReference section */
		5D39BED62122383800693D7E /* Fastmate.app */ = {isa = PBXFileReference; explicitFileType = wrapper.application; includeInIndex = 0; path = Fastmate.app; sourceTree = BUILT_PRODUCTS_DIR; };
		6B235EC02435E7EB0008A00B /* ComposeViewController.m */ = {isa = PBXFileReference; lastKnownFileType = sourcecode.c.objc; path = ComposeViewController.m; sourceTree = "<group>"; };
		6B3A46892435D4B000261EBC /* AppDelegate.h */ = {isa = PBXFileReference; fileEncoding = 4; lastKnownFileType = sourcecode.c.h; path = AppDelegate.h; sourceTree = "<group>"; };
		6B3A468A2435D4B000261EBC /* Credits.rtf */ = {isa = PBXFileReference; fileEncoding = 4; lastKnownFileType = text.rtf; path = Credits.rtf; sourceTree = "<group>"; };
		6B3A468B2435D4B000261EBC /* UnreadCountObserver.m */ = {isa = PBXFileReference; fileEncoding = 4; lastKnownFileType = sourcecode.c.objc; path = UnreadCountObserver.m; sourceTree = "<group>"; };
		6B3A468C2435D4B000261EBC /* main.m */ = {isa = PBXFileReference; fileEncoding = 4; lastKnownFileType = sourcecode.c.objc; path = main.m; sourceTree = "<group>"; };
		6B3A468D2435D4B000261EBC /* Info.plist */ = {isa = PBXFileReference; fileEncoding = 4; lastKnownFileType = text.plist.xml; path = Info.plist; sourceTree = "<group>"; };
		6B3A468E2435D4B000261EBC /* PrintManager.h */ = {isa = PBXFileReference; fileEncoding = 4; lastKnownFileType = sourcecode.c.h; path = PrintManager.h; sourceTree = "<group>"; };
		6B3A468F2435D4B000261EBC /* VersionChecker.m */ = {isa = PBXFileReference; fileEncoding = 4; lastKnownFileType = sourcecode.c.objc; path = VersionChecker.m; sourceTree = "<group>"; };
		6B3A46902435D4B000261EBC /* SettingsViewController.h */ = {isa = PBXFileReference; fileEncoding = 4; lastKnownFileType = sourcecode.c.h; path = SettingsViewController.h; sourceTree = "<group>"; };
		6B3A46912435D4B000261EBC /* MainWindowController.h */ = {isa = PBXFileReference; fileEncoding = 4; lastKnownFileType = sourcecode.c.h; path = MainWindowController.h; sourceTree = "<group>"; };
		6B3A46932435D4B000261EBC /* WebViewController.m */ = {isa = PBXFileReference; fileEncoding = 4; lastKnownFileType = sourcecode.c.objc; path = WebViewController.m; sourceTree = "<group>"; };
		6B3A46942435D4B000261EBC /* UnreadCountObserver.h */ = {isa = PBXFileReference; fileEncoding = 4; lastKnownFileType = sourcecode.c.h; path = UnreadCountObserver.h; sourceTree = "<group>"; };
		6B3A46952435D4B000261EBC /* WebViewController.h */ = {isa = PBXFileReference; fileEncoding = 4; lastKnownFileType = sourcecode.c.h; path = WebViewController.h; sourceTree = "<group>"; };
		6B3A46962435D4B000261EBC /* VersionChecker.h */ = {isa = PBXFileReference; fileEncoding = 4; lastKnownFileType = sourcecode.c.h; path = VersionChecker.h; sourceTree = "<group>"; };
		6B3A46972435D4B000261EBC /* MainWindowController.m */ = {isa = PBXFileReference; fileEncoding = 4; lastKnownFileType = sourcecode.c.objc; path = MainWindowController.m; sourceTree = "<group>"; };
		6B3A46982435D4B000261EBC /* SettingsViewController.m */ = {isa = PBXFileReference; fileEncoding = 4; lastKnownFileType = sourcecode.c.objc; path = SettingsViewController.m; sourceTree = "<group>"; };
		6B3A46992435D4B000261EBC /* ComposeWindowController.m */ = {isa = PBXFileReference; fileEncoding = 4; lastKnownFileType = sourcecode.c.objc; path = ComposeWindowController.m; sourceTree = "<group>"; };
		6B3A469A2435D4B000261EBC /* FastmateScriptCommand.m */ = {isa = PBXFileReference; fileEncoding = 4; lastKnownFileType = sourcecode.c.objc; path = FastmateScriptCommand.m; sourceTree = "<group>"; };
		6B3A469B2435D4B000261EBC /* Fastmate.js */ = {isa = PBXFileReference; fileEncoding = 4; lastKnownFileType = sourcecode.javascript; path = Fastmate.js; sourceTree = "<group>"; };
		6B3A469C2435D4B000261EBC /* PrintManager.m */ = {isa = PBXFileReference; fileEncoding = 4; lastKnownFileType = sourcecode.c.objc; path = PrintManager.m; sourceTree = "<group>"; };
		6B3A469E2435D4B100261EBC /* Fastmate.sdef */ = {isa = PBXFileReference; fileEncoding = 4; lastKnownFileType = text.xml; path = Fastmate.sdef; sourceTree = "<group>"; };
		6B3A469F2435D4B100261EBC /* Fastmate.entitlements */ = {isa = PBXFileReference; fileEncoding = 4; lastKnownFileType = text.plist.entitlements; path = Fastmate.entitlements; sourceTree = "<group>"; };
		6B3A46A02435D4B100261EBC /* Assets.xcassets */ = {isa = PBXFileReference; lastKnownFileType = folder.assetcatalog; path = Assets.xcassets; sourceTree = "<group>"; };
		6B3A46A12435D4B100261EBC /* FastmateScriptCommand.h */ = {isa = PBXFileReference; fileEncoding = 4; lastKnownFileType = sourcecode.c.h; path = FastmateScriptCommand.h; sourceTree = "<group>"; };
		6B3A46A22435D4B100261EBC /* AppDelegate.m */ = {isa = PBXFileReference; fileEncoding = 4; lastKnownFileType = sourcecode.c.objc; path = AppDelegate.m; sourceTree = "<group>"; };
		6B3A46B32435D5DC00261EBC /* ComposeWindowController.h */ = {isa = PBXFileReference; lastKnownFileType = sourcecode.c.h; path = ComposeWindowController.h; sourceTree = "<group>"; };
		6B3A46B42435D60F00261EBC /* Main.storyboard */ = {isa = PBXFileReference; fileEncoding = 4; lastKnownFileType = file.storyboard; path = Main.storyboard; sourceTree = "<group>"; };
		6B522DD62435E84400BCC9BE /* ComposeViewController.h */ = {isa = PBXFileReference; lastKnownFileType = sourcecode.c.h; path = ComposeViewController.h; sourceTree = "<group>"; };
/* End PBXFileReference section */

/* Begin PBXFrameworksBuildPhase section */
		5D39BED32122383800693D7E /* Frameworks */ = {
			isa = PBXFrameworksBuildPhase;
			buildActionMask = 2147483647;
			files = (
			);
			runOnlyForDeploymentPostprocessing = 0;
		};
/* End PBXFrameworksBuildPhase section */

/* Begin PBXGroup section */
		5D39BECD2122383700693D7E = {
			isa = PBXGroup;
			children = (
				5D39BED82122383800693D7E /* Fastmate */,
				5D39BED72122383800693D7E /* Products */,
			);
			sourceTree = "<group>";
		};
		5D39BED72122383800693D7E /* Products */ = {
			isa = PBXGroup;
			children = (
				5D39BED62122383800693D7E /* Fastmate.app */,
			);
			name = Products;
			sourceTree = "<group>";
		};
		5D39BED82122383800693D7E /* Fastmate */ = {
			isa = PBXGroup;
			children = (
				6B522DD82436143C00BCC9BE /* Base.lproj */,
				6B3A46892435D4B000261EBC /* AppDelegate.h */,
				6B3A46A22435D4B100261EBC /* AppDelegate.m */,
				6B3A46A02435D4B100261EBC /* Assets.xcassets */,
				6B3A46992435D4B000261EBC /* ComposeWindowController.m */,
				6B3A46B32435D5DC00261EBC /* ComposeWindowController.h */,
				6B3A468A2435D4B000261EBC /* Credits.rtf */,
				6B3A469F2435D4B100261EBC /* Fastmate.entitlements */,
				6B3A469B2435D4B000261EBC /* Fastmate.js */,
				6B3A469E2435D4B100261EBC /* Fastmate.sdef */,
				6B3A46A12435D4B100261EBC /* FastmateScriptCommand.h */,
				6B3A469A2435D4B000261EBC /* FastmateScriptCommand.m */,
				6B3A468D2435D4B000261EBC /* Info.plist */,
				6B3A468C2435D4B000261EBC /* main.m */,
				6B3A46912435D4B000261EBC /* MainWindowController.h */,
				6B3A46972435D4B000261EBC /* MainWindowController.m */,
				6B3A468E2435D4B000261EBC /* PrintManager.h */,
				6B3A469C2435D4B000261EBC /* PrintManager.m */,
				6B3A46902435D4B000261EBC /* SettingsViewController.h */,
				6B3A46982435D4B000261EBC /* SettingsViewController.m */,
				6B3A46942435D4B000261EBC /* UnreadCountObserver.h */,
				6B3A468B2435D4B000261EBC /* UnreadCountObserver.m */,
				6B3A46962435D4B000261EBC /* VersionChecker.h */,
				6B3A468F2435D4B000261EBC /* VersionChecker.m */,
				6B3A46952435D4B000261EBC /* WebViewController.h */,
				6B3A46932435D4B000261EBC /* WebViewController.m */,
				6B522DD62435E84400BCC9BE /* ComposeViewController.h */,
				6B235EC02435E7EB0008A00B /* ComposeViewController.m */,
			);
			path = Fastmate;
			sourceTree = "<group>";
		};
		6B522DD82436143C00BCC9BE /* Base.lproj */ = {
			isa = PBXGroup;
			children = (
				6B3A46B42435D60F00261EBC /* Main.storyboard */,
			);
			path = Base.lproj;
			sourceTree = "<group>";
		};
/* End PBXGroup section */

/* Begin PBXNativeTarget section */
		5D39BED52122383800693D7E /* Fastmate */ = {
			isa = PBXNativeTarget;
			buildConfigurationList = 5D39BEE72122383900693D7E /* Build configuration list for PBXNativeTarget "Fastmate" */;
			buildPhases = (
				5D39BED22122383800693D7E /* Sources */,
				5D39BED32122383800693D7E /* Frameworks */,
				5D39BED42122383800693D7E /* Resources */,
			);
			buildRules = (
			);
			dependencies = (
			);
			name = Fastmate;
			productName = Fastmate;
			productReference = 5D39BED62122383800693D7E /* Fastmate.app */;
			productType = "com.apple.product-type.application";
		};
/* End PBXNativeTarget section */

/* Begin PBXProject section */
		5D39BECE2122383700693D7E /* Project object */ = {
			isa = PBXProject;
			attributes = {
				LastUpgradeCheck = 1110;
				TargetAttributes = {
					5D39BED52122383800693D7E = {
						CreatedOnToolsVersion = 9.4.1;
						SystemCapabilities = {
							com.apple.Sandbox = {
								enabled = 1;
							};
						};
					};
				};
			};
			buildConfigurationList = 5D39BED12122383700693D7E /* Build configuration list for PBXProject "Fastmate" */;
			compatibilityVersion = "Xcode 9.3";
			developmentRegion = en;
			hasScannedForEncodings = 0;
			knownRegions = (
				en,
				Base,
			);
			mainGroup = 5D39BECD2122383700693D7E;
			productRefGroup = 5D39BED72122383800693D7E /* Products */;
			projectDirPath = "";
			projectRoot = "";
			targets = (
				5D39BED52122383800693D7E /* Fastmate */,
			);
		};
/* End PBXProject section */

/* Begin PBXResourcesBuildPhase section */
		5D39BED42122383800693D7E /* Resources */ = {
			isa = PBXResourcesBuildPhase;
			buildActionMask = 2147483647;
			files = (
				6B3A46A32435D4B100261EBC /* Credits.rtf in Resources */,
				6B3A46B52435D60F00261EBC /* Main.storyboard in Resources */,
				6B3A46B02435D4B100261EBC /* Fastmate.sdef in Resources */,
				6B3A46B12435D4B100261EBC /* Assets.xcassets in Resources */,
				6B3A46AE2435D4B100261EBC /* Fastmate.js in Resources */,
			);
			runOnlyForDeploymentPostprocessing = 0;
		};
/* End PBXResourcesBuildPhase section */

/* Begin PBXSourcesBuildPhase section */
		5D39BED22122383800693D7E /* Sources */ = {
			isa = PBXSourcesBuildPhase;
			buildActionMask = 2147483647;
			files = (
				6B3A46AA2435D4B100261EBC /* MainWindowController.m in Sources */,
				6B3A46A52435D4B100261EBC /* main.m in Sources */,
				6B3A46A72435D4B100261EBC /* VersionChecker.m in Sources */,
				6B3A46AD2435D4B100261EBC /* FastmateScriptCommand.m in Sources */,
				6B3A46B22435D4B100261EBC /* AppDelegate.m in Sources */,
				6B3A46AB2435D4B100261EBC /* SettingsViewController.m in Sources */,
				6B3A46A42435D4B100261EBC /* UnreadCountObserver.m in Sources */,
				6B3A46A92435D4B100261EBC /* WebViewController.m in Sources */,
				6B522DD72435E92D00BCC9BE /* ComposeViewController.m in Sources */,
				6B3A46AF2435D4B100261EBC /* PrintManager.m in Sources */,
				6B3A46AC2435D4B100261EBC /* ComposeWindowController.m in Sources */,
			);
			runOnlyForDeploymentPostprocessing = 0;
		};
/* End PBXSourcesBuildPhase section */

/* Begin XCBuildConfiguration section */
		5D39BEE52122383900693D7E /* Debug */ = {
			isa = XCBuildConfiguration;
			buildSettings = {
				ALWAYS_SEARCH_USER_PATHS = NO;
				CLANG_ANALYZER_NONNULL = YES;
				CLANG_ANALYZER_NUMBER_OBJECT_CONVERSION = YES_AGGRESSIVE;
				CLANG_CXX_LANGUAGE_STANDARD = "gnu++14";
				CLANG_CXX_LIBRARY = "libc++";
				CLANG_ENABLE_MODULES = YES;
				CLANG_ENABLE_OBJC_ARC = YES;
				CLANG_ENABLE_OBJC_WEAK = YES;
				CLANG_WARN_BLOCK_CAPTURE_AUTORELEASING = YES;
				CLANG_WARN_BOOL_CONVERSION = YES;
				CLANG_WARN_COMMA = YES;
				CLANG_WARN_CONSTANT_CONVERSION = YES;
				CLANG_WARN_DEPRECATED_OBJC_IMPLEMENTATIONS = YES;
				CLANG_WARN_DIRECT_OBJC_ISA_USAGE = YES_ERROR;
				CLANG_WARN_DOCUMENTATION_COMMENTS = YES;
				CLANG_WARN_EMPTY_BODY = YES;
				CLANG_WARN_ENUM_CONVERSION = YES;
				CLANG_WARN_INFINITE_RECURSION = YES;
				CLANG_WARN_INT_CONVERSION = YES;
				CLANG_WARN_NON_LITERAL_NULL_CONVERSION = YES;
				CLANG_WARN_OBJC_IMPLICIT_RETAIN_SELF = YES;
				CLANG_WARN_OBJC_LITERAL_CONVERSION = YES;
				CLANG_WARN_OBJC_ROOT_CLASS = YES_ERROR;
				CLANG_WARN_RANGE_LOOP_ANALYSIS = YES;
				CLANG_WARN_STRICT_PROTOTYPES = YES;
				CLANG_WARN_SUSPICIOUS_MOVE = YES;
				CLANG_WARN_UNGUARDED_AVAILABILITY = YES_AGGRESSIVE;
				CLANG_WARN_UNREACHABLE_CODE = YES;
				CLANG_WARN__DUPLICATE_METHOD_MATCH = YES;
				CODE_SIGN_IDENTITY = "Mac Developer";
				COPY_PHASE_STRIP = NO;
				DEBUG_INFORMATION_FORMAT = dwarf;
				ENABLE_STRICT_OBJC_MSGSEND = YES;
				ENABLE_TESTABILITY = YES;
				GCC_C_LANGUAGE_STANDARD = gnu11;
				GCC_DYNAMIC_NO_PIC = NO;
				GCC_NO_COMMON_BLOCKS = YES;
				GCC_OPTIMIZATION_LEVEL = 0;
				GCC_PREPROCESSOR_DEFINITIONS = (
					"DEBUG=1",
					"$(inherited)",
				);
				GCC_WARN_64_TO_32_BIT_CONVERSION = YES;
				GCC_WARN_ABOUT_RETURN_TYPE = YES_ERROR;
				GCC_WARN_UNDECLARED_SELECTOR = YES;
				GCC_WARN_UNINITIALIZED_AUTOS = YES_AGGRESSIVE;
				GCC_WARN_UNUSED_FUNCTION = YES;
				GCC_WARN_UNUSED_VARIABLE = YES;
				MACOSX_DEPLOYMENT_TARGET = 10.13;
				MTL_ENABLE_DEBUG_INFO = YES;
				ONLY_ACTIVE_ARCH = YES;
				SDKROOT = macosx;
			};
			name = Debug;
		};
		5D39BEE62122383900693D7E /* Release */ = {
			isa = XCBuildConfiguration;
			buildSettings = {
				ALWAYS_SEARCH_USER_PATHS = NO;
				CLANG_ANALYZER_NONNULL = YES;
				CLANG_ANALYZER_NUMBER_OBJECT_CONVERSION = YES_AGGRESSIVE;
				CLANG_CXX_LANGUAGE_STANDARD = "gnu++14";
				CLANG_CXX_LIBRARY = "libc++";
				CLANG_ENABLE_MODULES = YES;
				CLANG_ENABLE_OBJC_ARC = YES;
				CLANG_ENABLE_OBJC_WEAK = YES;
				CLANG_WARN_BLOCK_CAPTURE_AUTORELEASING = YES;
				CLANG_WARN_BOOL_CONVERSION = YES;
				CLANG_WARN_COMMA = YES;
				CLANG_WARN_CONSTANT_CONVERSION = YES;
				CLANG_WARN_DEPRECATED_OBJC_IMPLEMENTATIONS = YES;
				CLANG_WARN_DIRECT_OBJC_ISA_USAGE = YES_ERROR;
				CLANG_WARN_DOCUMENTATION_COMMENTS = YES;
				CLANG_WARN_EMPTY_BODY = YES;
				CLANG_WARN_ENUM_CONVERSION = YES;
				CLANG_WARN_INFINITE_RECURSION = YES;
				CLANG_WARN_INT_CONVERSION = YES;
				CLANG_WARN_NON_LITERAL_NULL_CONVERSION = YES;
				CLANG_WARN_OBJC_IMPLICIT_RETAIN_SELF = YES;
				CLANG_WARN_OBJC_LITERAL_CONVERSION = YES;
				CLANG_WARN_OBJC_ROOT_CLASS = YES_ERROR;
				CLANG_WARN_RANGE_LOOP_ANALYSIS = YES;
				CLANG_WARN_STRICT_PROTOTYPES = YES;
				CLANG_WARN_SUSPICIOUS_MOVE = YES;
				CLANG_WARN_UNGUARDED_AVAILABILITY = YES_AGGRESSIVE;
				CLANG_WARN_UNREACHABLE_CODE = YES;
				CLANG_WARN__DUPLICATE_METHOD_MATCH = YES;
				CODE_SIGN_IDENTITY = "Mac Developer";
				COPY_PHASE_STRIP = NO;
				DEBUG_INFORMATION_FORMAT = "dwarf-with-dsym";
				ENABLE_NS_ASSERTIONS = NO;
				ENABLE_STRICT_OBJC_MSGSEND = YES;
				GCC_C_LANGUAGE_STANDARD = gnu11;
				GCC_NO_COMMON_BLOCKS = YES;
				GCC_WARN_64_TO_32_BIT_CONVERSION = YES;
				GCC_WARN_ABOUT_RETURN_TYPE = YES_ERROR;
				GCC_WARN_UNDECLARED_SELECTOR = YES;
				GCC_WARN_UNINITIALIZED_AUTOS = YES_AGGRESSIVE;
				GCC_WARN_UNUSED_FUNCTION = YES;
				GCC_WARN_UNUSED_VARIABLE = YES;
				MACOSX_DEPLOYMENT_TARGET = 10.13;
				MTL_ENABLE_DEBUG_INFO = NO;
				SDKROOT = macosx;
			};
			name = Release;
		};
		5D39BEE82122383900693D7E /* Debug */ = {
			isa = XCBuildConfiguration;
			buildSettings = {
				ASSETCATALOG_COMPILER_APPICON_NAME = AppIcon;
				CODE_SIGN_ENTITLEMENTS = Fastmate/Fastmate.entitlements;
				CODE_SIGN_IDENTITY = "-";
				CODE_SIGN_STYLE = Automatic;
				COMBINE_HIDPI_IMAGES = YES;
				CURRENT_PROJECT_VERSION = 1;
				DEVELOPMENT_TEAM = QG9T4DR8QU;
				INFOPLIST_FILE = Fastmate/Info.plist;
				LD_RUNPATH_SEARCH_PATHS = (
					"$(inherited)",
					"@executable_path/../Frameworks",
				);
				MACOSX_DEPLOYMENT_TARGET = 10.13;
				MARKETING_VERSION = 1.4.0;
				PRODUCT_BUNDLE_IDENTIFIER = com.mdbraber.Fastmate;
				PRODUCT_NAME = "$(TARGET_NAME)";
			};
			name = Debug;
		};
		5D39BEE92122383900693D7E /* Release */ = {
			isa = XCBuildConfiguration;
			buildSettings = {
				ASSETCATALOG_COMPILER_APPICON_NAME = AppIcon;
				CODE_SIGN_ENTITLEMENTS = Fastmate/Fastmate.entitlements;
				CODE_SIGN_IDENTITY = "-";
				CODE_SIGN_STYLE = Automatic;
				COMBINE_HIDPI_IMAGES = YES;
				CURRENT_PROJECT_VERSION = 1;
				DEVELOPMENT_TEAM = QG9T4DR8QU;
				INFOPLIST_FILE = Fastmate/Info.plist;
				LD_RUNPATH_SEARCH_PATHS = (
					"$(inherited)",
					"@executable_path/../Frameworks",
				);
				MACOSX_DEPLOYMENT_TARGET = 10.13;
				MARKETING_VERSION = 1.4.0;
				PRODUCT_BUNDLE_IDENTIFIER = com.mdbraber.Fastmate;
				PRODUCT_NAME = "$(TARGET_NAME)";
			};
			name = Release;
		};
/* End XCBuildConfiguration section */

/* Begin XCConfigurationList section */
		5D39BED12122383700693D7E /* Build configuration list for PBXProject "Fastmate" */ = {
			isa = XCConfigurationList;
			buildConfigurations = (
				5D39BEE52122383900693D7E /* Debug */,
				5D39BEE62122383900693D7E /* Release */,
			);
			defaultConfigurationIsVisible = 0;
			defaultConfigurationName = Release;
		};
		5D39BEE72122383900693D7E /* Build configuration list for PBXNativeTarget "Fastmate" */ = {
			isa = XCConfigurationList;
			buildConfigurations = (
				5D39BEE82122383900693D7E /* Debug */,
				5D39BEE92122383900693D7E /* Release */,
			);
			defaultConfigurationIsVisible = 0;
			defaultConfigurationName = Release;
		};
/* End XCConfigurationList section */
	};
	rootObject = 5D39BECE2122383700693D7E /* Project object */;
}
